
Microsoft Visual Studio Solution File, Format Version 12.00
# Visual Studio Version 16
VisualStudioVersion = 16.0.30413.136
MinimumVisualStudioVersion = 10.0.40219.1
Project("{FAE04EC0-301F-11D3-BF4B-00C04F79EFBC}") = "Entidades", "Entidades\Entidades.csproj", "{7044D064-39E1-46ED-A15A-9B991ED27C01}"
EndProject
Project("{FAE04EC0-301F-11D3-BF4B-00C04F79EFBC}") = "MiCalculadora", "MiCalculadora\MiCalculadora.csproj", "{9FC17686-CC1B-42E0-ACFB-67C5E3139D6F}"
EndProject
Global
	GlobalSection(SolutionConfigurationPlatforms) = preSolution
		Debug|Any CPU = Debug|Any CPU
		Release|Any CPU = Release|Any CPU
	EndGlobalSection
	GlobalSection(ProjectConfigurationPlatforms) = postSolution
		{7044D064-39E1-46ED-A15A-9B991ED27C01}.Debug|Any CPU.ActiveCfg = Debug|Any CPU
		{7044D064-39E1-46ED-A15A-9B991ED27C01}.Debug|Any CPU.Build.0 = Debug|Any CPU
		{7044D064-39E1-46ED-A15A-9B991ED27C01}.Release|Any CPU.ActiveCfg = Release|Any CPU
		{7044D064-39E1-46ED-A15A-9B991ED27C01}.Release|Any CPU.Build.0 = Release|Any CPU
		{9FC17686-CC1B-42E0-ACFB-67C5E3139D6F}.Debug|Any CPU.ActiveCfg = Debug|Any CPU
		{9FC17686-CC1B-42E0-ACFB-67C5E3139D6F}.Debug|Any CPU.Build.0 = Debug|Any CPU
		{9FC17686-CC1B-42E0-ACFB-67C5E3139D6F}.Release|Any CPU.ActiveCfg = Release|Any CPU
		{9FC17686-CC1B-42E0-ACFB-67C5E3139D6F}.Release|Any CPU.Build.0 = Release|Any CPU
	EndGlobalSection
	GlobalSection(SolutionProperties) = preSolution
		HideSolutionNode = FALSE
	EndGlobalSection
	GlobalSection(ExtensibilityGlobals) = postSolution
		SolutionGuid = {F91B332B-1DC9-4249-97A6-D42D193F780B}
	EndGlobalSection
EndGlobal
